
Microsoft Visual Studio Solution File, Format Version 12.00
# Visual Studio 14
VisualStudioVersion = 14.0.25420.1
MinimumVisualStudioVersion = 10.0.40219.1
Project("{FAE04EC0-301F-11D3-BF4B-00C04F79EFBC}") = "CLQCodeGen", "CLQCodeGen\CLQCodeGen.csproj", "{C39073BC-7830-4F94-ADFA-817C5C8EFC95}"
EndProject
Project("{FAE04EC0-301F-11D3-BF4B-00C04F79EFBC}") = "CLQCodeGen.Tests", "CLQCodeGen.Tests\CLQCodeGen.Tests.csproj", "{6E705001-1196-442B-8551-900688F338BF}"
EndProject
Project("{FAE04EC0-301F-11D3-BF4B-00C04F79EFBC}") = "CLQCodeGenExtension", "CLQCodeGenExtension\CLQCodeGenExtension.csproj", "{38FAB55A-6E31-4405-BFEE-4067A1859EB3}"
EndProject
Project("{FAE04EC0-301F-11D3-BF4B-00C04F79EFBC}") = "CLQCodeGen.Console", "CLQCodeGen.Console\CLQCodeGen.Console.csproj", "{7A6AE493-5E99-4559-AC0D-C517838B8641}"
EndProject
Global
	GlobalSection(SolutionConfigurationPlatforms) = preSolution
		Debug|Any CPU = Debug|Any CPU
		Release|Any CPU = Release|Any CPU
	EndGlobalSection
	GlobalSection(ProjectConfigurationPlatforms) = postSolution
		{C39073BC-7830-4F94-ADFA-817C5C8EFC95}.Debug|Any CPU.ActiveCfg = Debug|Any CPU
		{C39073BC-7830-4F94-ADFA-817C5C8EFC95}.Debug|Any CPU.Build.0 = Debug|Any CPU
		{C39073BC-7830-4F94-ADFA-817C5C8EFC95}.Release|Any CPU.ActiveCfg = Release|Any CPU
		{C39073BC-7830-4F94-ADFA-817C5C8EFC95}.Release|Any CPU.Build.0 = Release|Any CPU
		{6E705001-1196-442B-8551-900688F338BF}.Debug|Any CPU.ActiveCfg = Debug|Any CPU
		{6E705001-1196-442B-8551-900688F338BF}.Debug|Any CPU.Build.0 = Debug|Any CPU
		{6E705001-1196-442B-8551-900688F338BF}.Release|Any CPU.ActiveCfg = Release|Any CPU
		{6E705001-1196-442B-8551-900688F338BF}.Release|Any CPU.Build.0 = Release|Any CPU
		{38FAB55A-6E31-4405-BFEE-4067A1859EB3}.Debug|Any CPU.ActiveCfg = Debug|Any CPU
		{38FAB55A-6E31-4405-BFEE-4067A1859EB3}.Debug|Any CPU.Build.0 = Debug|Any CPU
		{38FAB55A-6E31-4405-BFEE-4067A1859EB3}.Release|Any CPU.ActiveCfg = Release|Any CPU
		{38FAB55A-6E31-4405-BFEE-4067A1859EB3}.Release|Any CPU.Build.0 = Release|Any CPU
		{7A6AE493-5E99-4559-AC0D-C517838B8641}.Debug|Any CPU.ActiveCfg = Debug|Any CPU
		{7A6AE493-5E99-4559-AC0D-C517838B8641}.Debug|Any CPU.Build.0 = Debug|Any CPU
		{7A6AE493-5E99-4559-AC0D-C517838B8641}.Release|Any CPU.ActiveCfg = Release|Any CPU
		{7A6AE493-5E99-4559-AC0D-C517838B8641}.Release|Any CPU.Build.0 = Release|Any CPU
	EndGlobalSection
	GlobalSection(SolutionProperties) = preSolution
		HideSolutionNode = FALSE
	EndGlobalSection
EndGlobal
