
Microsoft Visual Studio Solution File, Format Version 9.00
# Visual Studio 2005
Project("{8BC9CEB8-8B4A-11D0-8D11-00A0C91BC942}") = "Expression2.0", "Expression2.0\Expression2.0.vcproj", "{6087DF9E-E279-4247-90DB-8C0266C6F07B}"
EndProject
Global
	GlobalSection(SolutionConfigurationPlatforms) = preSolution
		Debug|Win32 = Debug|Win32
		Release|Win32 = Release|Win32
	EndGlobalSection
	GlobalSection(ProjectConfigurationPlatforms) = postSolution
		{6087DF9E-E279-4247-90DB-8C0266C6F07B}.Debug|Win32.ActiveCfg = Debug|Win32
		{6087DF9E-E279-4247-90DB-8C0266C6F07B}.Debug|Win32.Build.0 = Debug|Win32
		{6087DF9E-E279-4247-90DB-8C0266C6F07B}.Release|Win32.ActiveCfg = Release|Win32
		{6087DF9E-E279-4247-90DB-8C0266C6F07B}.Release|Win32.Build.0 = Release|Win32
	EndGlobalSection
	GlobalSection(SolutionProperties) = preSolution
		HideSolutionNode = FALSE
	EndGlobalSection
EndGlobal
