
Microsoft Visual Studio Solution File, Format Version 11.00
# Visual Studio 2010
Project("{8BC9CEB8-8B4A-11D0-8D11-00A0C91BC942}") = "LameWrapper", "LameWrapper\LameWrapper.vcxproj", "{42F22B1A-BBC2-4932-9288-23410F1491D8}"
EndProject
Global
	GlobalSection(TeamFoundationVersionControl) = preSolution
		SccNumberOfProjects = 2
		SccEnterpriseProvider = {4CA58AB2-18FA-4F8D-95D4-32DDF27D184C}
		SccTeamFoundationServer = https://tfs.codeplex.com/tfs/tfs10
		SccLocalPath0 = .
		SccProjectUniqueName1 = LameWrapper\\LameWrapper.vcxproj
		SccProjectName1 = LameWrapper
		SccLocalPath1 = LameWrapper
	EndGlobalSection
	GlobalSection(SolutionConfigurationPlatforms) = preSolution
		Debug|Win32 = Debug|Win32
		Release|Win32 = Release|Win32
	EndGlobalSection
	GlobalSection(ProjectConfigurationPlatforms) = postSolution
		{42F22B1A-BBC2-4932-9288-23410F1491D8}.Debug|Win32.ActiveCfg = Debug|Win32
		{42F22B1A-BBC2-4932-9288-23410F1491D8}.Debug|Win32.Build.0 = Debug|Win32
		{42F22B1A-BBC2-4932-9288-23410F1491D8}.Release|Win32.ActiveCfg = Release|Win32
		{42F22B1A-BBC2-4932-9288-23410F1491D8}.Release|Win32.Build.0 = Release|Win32
	EndGlobalSection
	GlobalSection(SolutionProperties) = preSolution
		HideSolutionNode = FALSE
	EndGlobalSection
EndGlobal
