<?xml version="1.0" encoding="utf-8"?>
<Project ToolsVersion="4.0" xmlns="http://schemas.microsoft.com/developer/msbuild/2003">
  <ItemGroup>
    <Filter Include="Source Files">
      <UniqueIdentifier>{4FC737F1-C7A5-4376-A066-2A32D752A2FF}</UniqueIdentifier>
      <Extensions>cpp;c;cc;cxx;def;odl;idl;hpj;bat;asm;asmx</Extensions>
    </Filter>
    <Filter Include="Source Files\Functions">
      <UniqueIdentifier>{5a8ba13f-1a35-4272-a457-38a55028d622}</UniqueIdentifier>
    </Filter>
    <Filter Include="Header Files">
      <UniqueIdentifier>{93995380-89BD-4b04-88EB-625FBE52EBFB}</UniqueIdentifier>
      <Extensions>h;hpp;hxx;hm;inl;inc;xsd</Extensions>
    </Filter>
    <Filter Include="Header Files\Functions">
      <UniqueIdentifier>{acbab84a-d82c-4d3e-929d-98bb01ce0e51}</UniqueIdentifier>
    </Filter>
    <Filter Include="Resource Files">
      <UniqueIdentifier>{67DA6AB6-F800-4c08-8B7A-83BB121AAD01}</UniqueIdentifier>
      <Extensions>rc;ico;cur;bmp;dlg;rc2;rct;bin;rgs;gif;jpg;jpeg;jpe;resx;tiff;tif;png;wav</Extensions>
    </Filter>
    <Filter Include="Header Files\NonTerminal">
      <UniqueIdentifier>{cb146f31-6686-47ee-a3e9-17aa47b360ef}</UniqueIdentifier>
    </Filter>
    <Filter Include="Source Files\NonTerminal">
      <UniqueIdentifier>{b0e7afdf-e4b2-4f34-aa48-4679f91bbc1f}</UniqueIdentifier>
    </Filter>
  </ItemGroup>
  <ItemGroup>
    <ClCompile Include="BaseFunction.cpp">
      <Filter>Source Files</Filter>
    </ClCompile>
    <ClCompile Include="ExprAdapter.cpp">
      <Filter>Source Files</Filter>
    </ClCompile>
    <ClCompile Include="Expression2.0.cpp">
      <Filter>Source Files</Filter>
    </ClCompile>
    <ClCompile Include="ExprException.cpp">
      <Filter>Source Files</Filter>
    </ClCompile>
    <ClCompile Include="ExprILCode.cpp">
      <Filter>Source Files</Filter>
    </ClCompile>
    <ClCompile Include="ExprILHelper.cpp">
      <Filter>Source Files</Filter>
    </ClCompile>
    <ClCompile Include="ExprWorkSpace.cpp">
      <Filter>Source Files</Filter>
    </ClCompile>
    <ClCompile Include="Formatter.cpp">
      <Filter>Source Files</Filter>
    </ClCompile>
    <ClCompile Include="FuncParamsInfo.cpp">
      <Filter>Source Files</Filter>
    </ClCompile>
    <ClCompile Include="FunctionSet.cpp">
      <Filter>Source Files</Filter>
    </ClCompile>
    <ClCompile Include="Matrix.cpp">
      <Filter>Source Files</Filter>
    </ClCompile>
    <ClCompile Include="ParameterSet.cpp">
      <Filter>Source Files</Filter>
    </ClCompile>
    <ClCompile Include="stdafx.cpp">
      <Filter>Source Files</Filter>
    </ClCompile>
    <ClCompile Include="VariableSet.cpp">
      <Filter>Source Files</Filter>
    </ClCompile>
    <ClCompile Include="WordParser.cpp">
      <Filter>Source Files</Filter>
    </ClCompile>
    <ClCompile Include="Functions.cpp">
      <Filter>Source Files\Functions</Filter>
    </ClCompile>
    <ClCompile Include="GameFunctions.cpp">
      <Filter>Source Files\Functions</Filter>
    </ClCompile>
    <ClCompile Include="FactorNT.cpp">
      <Filter>Source Files\NonTerminal</Filter>
    </ClCompile>
    <ClCompile Include="CodeLineNT.cpp">
      <Filter>Source Files\NonTerminal</Filter>
    </ClCompile>
    <ClCompile Include="AssignExprNT.cpp">
      <Filter>Source Files\NonTerminal</Filter>
    </ClCompile>
    <ClCompile Include="ListNT.cpp">
      <Filter>Source Files\NonTerminal</Filter>
    </ClCompile>
    <ClCompile Include="LeftValueInterpreter.cpp">
      <Filter>Source Files\NonTerminal</Filter>
    </ClCompile>
    <ClCompile Include="BaseNonTerminal.cpp">
      <Filter>Source Files\NonTerminal</Filter>
    </ClCompile>
    <ClCompile Include="StartNT.cpp">
      <Filter>Source Files\NonTerminal</Filter>
    </ClCompile>
    <ClCompile Include="ExprNT.cpp">
      <Filter>Source Files\NonTerminal</Filter>
    </ClCompile>
    <ClCompile Include="TermNT.cpp">
      <Filter>Source Files\NonTerminal</Filter>
    </ClCompile>
    <ClCompile Include="SubExprNT.cpp">
      <Filter>Source Files\NonTerminal</Filter>
    </ClCompile>
    <ClCompile Include="SubTermNT.cpp">
      <Filter>Source Files\NonTerminal</Filter>
    </ClCompile>
    <ClCompile Include="MatrixColNT.cpp">
      <Filter>Source Files\NonTerminal</Filter>
    </ClCompile>
    <ClCompile Include="MatrixColsNT.cpp">
      <Filter>Source Files\NonTerminal</Filter>
    </ClCompile>
    <ClCompile Include="MatrixRowsNT.cpp">
      <Filter>Source Files\NonTerminal</Filter>
    </ClCompile>
    <ClCompile Include="MatrixNT.cpp">
      <Filter>Source Files\NonTerminal</Filter>
    </ClCompile>
    <ClCompile Include="FunctionNT.cpp">
      <Filter>Source Files\NonTerminal</Filter>
    </ClCompile>
  </ItemGroup>
  <ItemGroup>
    <ClInclude Include="BaseFunction.h">
      <Filter>Header Files</Filter>
    </ClInclude>
    <ClInclude Include="ClsPreDeclaration.h">
      <Filter>Header Files</Filter>
    </ClInclude>
    <ClInclude Include="DoubleComparison.h">
      <Filter>Header Files</Filter>
    </ClInclude>
    <ClInclude Include="ExprAdapter.h">
      <Filter>Header Files</Filter>
    </ClInclude>
    <ClInclude Include="ExprCompiler.h">
      <Filter>Header Files</Filter>
    </ClInclude>
    <ClInclude Include="ExprException.h">
      <Filter>Header Files</Filter>
    </ClInclude>
    <ClInclude Include="ExprILCode.h">
      <Filter>Header Files</Filter>
    </ClInclude>
    <ClInclude Include="ExprILHelper.h">
      <Filter>Header Files</Filter>
    </ClInclude>
    <ClInclude Include="ExprWorkSpace.h">
      <Filter>Header Files</Filter>
    </ClInclude>
    <ClInclude Include="Formatter.h">
      <Filter>Header Files</Filter>
    </ClInclude>
    <ClInclude Include="FuncParamsInfo.h">
      <Filter>Header Files</Filter>
    </ClInclude>
    <ClInclude Include="FunctionSet.h">
      <Filter>Header Files</Filter>
    </ClInclude>
    <ClInclude Include="Matrix.h">
      <Filter>Header Files</Filter>
    </ClInclude>
    <ClInclude Include="ParameterSet.h">
      <Filter>Header Files</Filter>
    </ClInclude>
    <ClInclude Include="stdafx.h">
      <Filter>Header Files</Filter>
    </ClInclude>
    <ClInclude Include="Symbol.h">
      <Filter>Header Files</Filter>
    </ClInclude>
    <ClInclude Include="VariableSet.h">
      <Filter>Header Files</Filter>
    </ClInclude>
    <ClInclude Include="WordParser.h">
      <Filter>Header Files</Filter>
    </ClInclude>
    <ClInclude Include="Functions.h">
      <Filter>Header Files\Functions</Filter>
    </ClInclude>
    <ClInclude Include="GameFunctions.h">
      <Filter>Header Files\Functions</Filter>
    </ClInclude>
    <ClInclude Include="LeftValueInterpreter.h">
      <Filter>Header Files\NonTerminal</Filter>
    </ClInclude>
    <ClInclude Include="StartNT.h">
      <Filter>Header Files\NonTerminal</Filter>
    </ClInclude>
    <ClInclude Include="BaseNonTerminal.h">
      <Filter>Header Files\NonTerminal</Filter>
    </ClInclude>
    <ClInclude Include="ListNT.h">
      <Filter>Header Files\NonTerminal</Filter>
    </ClInclude>
    <ClInclude Include="CodeLineNT.h">
      <Filter>Header Files\NonTerminal</Filter>
    </ClInclude>
    <ClInclude Include="ExprNT.h">
      <Filter>Header Files\NonTerminal</Filter>
    </ClInclude>
    <ClInclude Include="AssignExprNT.h">
      <Filter>Header Files\NonTerminal</Filter>
    </ClInclude>
    <ClInclude Include="TermNT.h">
      <Filter>Header Files\NonTerminal</Filter>
    </ClInclude>
    <ClInclude Include="FactorNT.h">
      <Filter>Header Files\NonTerminal</Filter>
    </ClInclude>
    <ClInclude Include="SubTermNT.h">
      <Filter>Header Files\NonTerminal</Filter>
    </ClInclude>
    <ClInclude Include="MatrixColNT.h">
      <Filter>Header Files\NonTerminal</Filter>
    </ClInclude>
    <ClInclude Include="MatrixColsNT.h">
      <Filter>Header Files\NonTerminal</Filter>
    </ClInclude>
    <ClInclude Include="MatrixRowsNT.h">
      <Filter>Header Files\NonTerminal</Filter>
    </ClInclude>
    <ClInclude Include="MatrixNT.h">
      <Filter>Header Files\NonTerminal</Filter>
    </ClInclude>
    <ClInclude Include="FunctionNT.h">
      <Filter>Header Files\NonTerminal</Filter>
    </ClInclude>
    <ClInclude Include="SubExprNT.h">
      <Filter>Header Files\NonTerminal</Filter>
    </ClInclude>
  </ItemGroup>
  <ItemGroup>
    <None Include="ProductionList.txt" />
    <None Include="ReadMe.txt" />
  </ItemGroup>
</Project>